
Microsoft Visual Studio Solution File, Format Version 12.00
# Visual Studio Version 17
VisualStudioVersion = 17.7.34031.279
MinimumVisualStudioVersion = 10.0.40219.1
Project("{FAE04EC0-301F-11D3-BF4B-00C04F79EFBC}") = "JardinInfantil", "JardinInfantil\JardinInfantil.csproj", "{4AF2FA41-A7A4-4D55-AF2F-3C7AAF762CFE}"
EndProject
Global
	GlobalSection(SolutionConfigurationPlatforms) = preSolution
		Debug|Any CPU = Debug|Any CPU
		Release|Any CPU = Release|Any CPU
	EndGlobalSection
	GlobalSection(ProjectConfigurationPlatforms) = postSolution
		{4AF2FA41-A7A4-4D55-AF2F-3C7AAF762CFE}.Debug|Any CPU.ActiveCfg = Debug|Any CPU
		{4AF2FA41-A7A4-4D55-AF2F-3C7AAF762CFE}.Debug|Any CPU.Build.0 = Debug|Any CPU
		{4AF2FA41-A7A4-4D55-AF2F-3C7AAF762CFE}.Release|Any CPU.ActiveCfg = Release|Any CPU
		{4AF2FA41-A7A4-4D55-AF2F-3C7AAF762CFE}.Release|Any CPU.Build.0 = Release|Any CPU
	EndGlobalSection
	GlobalSection(SolutionProperties) = preSolution
		HideSolutionNode = FALSE
	EndGlobalSection
	GlobalSection(ExtensibilityGlobals) = postSolution
		SolutionGuid = {10CBF3AF-B7B1-45C4-B276-92471F767987}
	EndGlobalSection
EndGlobal
